// !$*UTF8*$!
{
	archiveVersion = 1;
	classes = {
	};
	objectVersion = 77;
	objects = {

/* Begin PBXBuildFile section */
		37DD6AFE9AE20908B3DEFAB6 /* NotificationServiceExtension.appex in Embed Foundation Extensions */ = {isa = PBXBuildFile; fileRef = 9C577C6BEEC4E4C98FB80AD5 /* NotificationServiceExtension.appex */; settings = {ATTRIBUTES = (RemoveHeadersOnCopy, ); }; };
		7036E56A9E1129B449799E01 /* Foundation.framework in Frameworks */ = {isa = PBXBuildFile; fileRef = 6B328785CEB2B9906958F4CA /* Foundation.framework */; };
		EB6548302FF638C500A7ECBA /* FirebaseMessaging in Frameworks */ = {isa = PBXBuildFile; productRef = EB65482F2FF638C500A7ECBA /* FirebaseMessaging */; };
		EB7C5D620D70C34EB1F0D4C7 /* NotificationService.swift in Sources */ = {isa = PBXBuildFile; fileRef = 0357E52FC0AED168CC42F8E5 /* NotificationService.swift */; };
		EB9BF0F82FA1C6A20062C3B0 /* FirebaseAuth in Frameworks */ = {isa = PBXBuildFile; productRef = EB9BF0F72FA1C6A20062C3B0 /* FirebaseAuth */; };
		EB9BF0FA2FA1C6A20062C3B0 /* FirebaseFirestore in Frameworks */ = {isa = PBXBuildFile; productRef = EB9BF0F92FA1C6A20062C3B0 /* FirebaseFirestore */; };
		EB9BF0FC2FA1C6A20062C3B0 /* FirebaseStorage in Frameworks */ = {isa = PBXBuildFile; productRef = EB9BF0FB2FA1C6A20062C3B0 /* FirebaseStorage */; };
/* End PBXBuildFile section */

/* Begin PBXContainerItemProxy section */
		9B2FCCCAFEB9B30AC11FB3ED /* PBXContainerItemProxy */ = {
			isa = PBXContainerItemProxy;
			containerPortal = EB9BF0E02F8CBC4C0062C3B0 /* Project object */;
			proxyType = 1;
			remoteGlobalIDString = 5CE4A6132CDA55311DEAC7ED;
			remoteInfo = NotificationServiceExtension;
		};
/* End PBXContainerItemProxy section */

/* Begin PBXCopyFilesBuildPhase section */
		9E1C8661A898D606EFB70AD3 /* Embed Foundation Extensions */ = {
			isa = PBXCopyFilesBuildPhase;
			buildActionMask = 2147483647;
			dstPath = "";
			dstSubfolderSpec = 13;
			files = (
				37DD6AFE9AE20908B3DEFAB6 /* NotificationServiceExtension.appex in Embed Foundation Extensions */,
			);
			name = "Embed Foundation Extensions";
			runOnlyForDeploymentPostprocessing = 0;
		};
/* End PBXCopyFilesBuildPhase section */

/* Begin PBXFileReference section */
		0357E52FC0AED168CC42F8E5 /* NotificationService.swift */ = {isa = PBXFileReference; includeInIndex = 1; lastKnownFileType = sourcecode.swift; path = NotificationService.swift; sourceTree = "<group>"; };
		6B328785CEB2B9906958F4CA /* Foundation.framework */ = {isa = PBXFileReference; lastKnownFileType = wrapper.framework; name = Foundation.framework; path = Platforms/iPhoneOS.platform/Developer/SDKs/iPhoneOS26.0.sdk/System/Library/Frameworks/Foundation.framework; sourceTree = DEVELOPER_DIR; };
		9C577C6BEEC4E4C98FB80AD5 /* NotificationServiceExtension.appex */ = {isa = PBXFileReference; explicitFileType = "wrapper.app-extension"; includeInIndex = 0; path = NotificationServiceExtension.appex; sourceTree = BUILT_PRODUCTS_DIR; };
		EB9BF0E82F8CBC4C0062C3B0 /* batsignal.app */ = {isa = PBXFileReference; explicitFileType = wrapper.application; includeInIndex = 0; path = batsignal.app; sourceTree = BUILT_PRODUCTS_DIR; };
		EF717F6B23BB35F57CB13837 /* Info.plist */ = {isa = PBXFileReference; includeInIndex = 1; lastKnownFileType = text.plist.xml; path = Info.plist; sourceTree = "<group>"; };
/* End PBXFileReference section */

/* Begin PBXFileSystemSynchronizedBuildFileExceptionSet section */
		EB447C0B2FECEDDC00DA05D7 /* Exceptions for "batsignal" folder in "batsignal" target */ = {
			isa = PBXFileSystemSynchronizedBuildFileExceptionSet;
			membershipExceptions = (
				Info.plist,
			);
			target = EB9BF0E72F8CBC4C0062C3B0 /* batsignal */;
		};
/* End PBXFileSystemSynchronizedBuildFileExceptionSet section */

/* Begin PBXFileSystemSynchronizedRootGroup section */
		EB9BF0EA2F8CBC4C0062C3B0 /* batsignal */ = {
			isa = PBXFileSystemSynchronizedRootGroup;
			exceptions = (
				EB447C0B2FECEDDC00DA05D7 /* Exceptions for "batsignal" folder in "batsignal" target */,
			);
			path = batsignal;
			sourceTree = "<group>";
		};
/* End PBXFileSystemSynchronizedRootGroup section */

/* Begin PBXFrameworksBuildPhase section */
		A2AFC3B20F5CF2AB94F0391E /* Frameworks */ = {
			isa = PBXFrameworksBuildPhase;
			buildActionMask = 2147483647;
			files = (
				7036E56A9E1129B449799E01 /* Foundation.framework in Frameworks */,
			);
			runOnlyForDeploymentPostprocessing = 0;
		};
		EB9BF0E52F8CBC4C0062C3B0 /* Frameworks */ = {
			isa = PBXFrameworksBuildPhase;
			buildActionMask = 2147483647;
			files = (
				EB6548302FF638C500A7ECBA /* FirebaseMessaging in Frameworks */,
				EB9BF0F82FA1C6A20062C3B0 /* FirebaseAuth in Frameworks */,
				EB9BF0FA2FA1C6A20062C3B0 /* FirebaseFirestore in Frameworks */,
				EB9BF0FC2FA1C6A20062C3B0 /* FirebaseStorage in Frameworks */,
			);
			runOnlyForDeploymentPostprocessing = 0;
		};
/* End PBXFrameworksBuildPhase section */

/* Begin PBXGroup section */
		3ECB4651B6C00D1499E9A6EA /* iOS */ = {
			isa = PBXGroup;
			children = (
				6B328785CEB2B9906958F4CA /* Foundation.framework */,
			);
			name = iOS;
			sourceTree = "<group>";
		};
		BBE13B3467AB71BF43F009D6 /* NotificationServiceExtension */ = {
			isa = PBXGroup;
			children = (
				0357E52FC0AED168CC42F8E5 /* NotificationService.swift */,
				EF717F6B23BB35F57CB13837 /* Info.plist */,
			);
			name = NotificationServiceExtension;
			path = NotificationServiceExtension;
			sourceTree = "<group>";
		};
		EB65482E2FF638C500A7ECBA /* Frameworks */ = {
			isa = PBXGroup;
			children = (
				3ECB4651B6C00D1499E9A6EA /* iOS */,
			);
			name = Frameworks;
			sourceTree = "<group>";
		};
		EB9BF0DF2F8CBC4C0062C3B0 = {
			isa = PBXGroup;
			children = (
				EB9BF0EA2F8CBC4C0062C3B0 /* batsignal */,
				EB65482E2FF638C500A7ECBA /* Frameworks */,
				EB9BF0E92F8CBC4C0062C3B0 /* Products */,
				BBE13B3467AB71BF43F009D6 /* NotificationServiceExtension */,
			);
			sourceTree = "<group>";
		};
		EB9BF0E92F8CBC4C0062C3B0 /* Products */ = {
			isa = PBXGroup;
			children = (
				EB9BF0E82F8CBC4C0062C3B0 /* batsignal.app */,
				9C577C6BEEC4E4C98FB80AD5 /* NotificationServiceExtension.appex */,
			);
			name = Products;
			sourceTree = "<group>";
		};
/* End PBXGroup section */

/* Begin PBXNativeTarget section */
		5CE4A6132CDA55311DEAC7ED /* NotificationServiceExtension */ = {
			isa = PBXNativeTarget;
			buildConfigurationList = A67FF0087966ADB6C7109E92 /* Build configuration list for PBXNativeTarget "NotificationServiceExtension" */;
			buildPhases = (
				F69A3DE0A379865FAF5D689B /* Sources */,
				A2AFC3B20F5CF2AB94F0391E /* Frameworks */,
				973F1F9DD363DE11B0476BC5 /* Resources */,
			);
			buildRules = (
			);
			dependencies = (
			);
			name = NotificationServiceExtension;
			productName = NotificationServiceExtension;
			productReference = 9C577C6BEEC4E4C98FB80AD5 /* NotificationServiceExtension.appex */;
			productType = "com.apple.product-type.app-extension";
		};
		EB9BF0E72F8CBC4C0062C3B0 /* batsignal */ = {
			isa = PBXNativeTarget;
			buildConfigurationList = EB9BF0F32F8CBC4D0062C3B0 /* Build configuration list for PBXNativeTarget "batsignal" */;
			buildPhases = (
				EB9BF0E42F8CBC4C0062C3B0 /* Sources */,
				EB9BF0E52F8CBC4C0062C3B0 /* Frameworks */,
				EB9BF0E62F8CBC4C0062C3B0 /* Resources */,
				9E1C8661A898D606EFB70AD3 /* Embed Foundation Extensions */,
			);
			buildRules = (
			);
			dependencies = (
				E4D8DB8B269F9571EFE28B10 /* PBXTargetDependency */,
			);
			fileSystemSynchronizedGroups = (
				EB9BF0EA2F8CBC4C0062C3B0 /* batsignal */,
			);
			name = batsignal;
			packageProductDependencies = (
				EB9BF0F72FA1C6A20062C3B0 /* FirebaseAuth */,
				EB9BF0F92FA1C6A20062C3B0 /* FirebaseFirestore */,
				EB9BF0FB2FA1C6A20062C3B0 /* FirebaseStorage */,
				EB65482F2FF638C500A7ECBA /* FirebaseMessaging */,
			);
			productName = batsignal;
			productReference = EB9BF0E82F8CBC4C0062C3B0 /* batsignal.app */;
			productType = "com.apple.product-type.application";
		};
/* End PBXNativeTarget section */

/* Begin PBXProject section */
		EB9BF0E02F8CBC4C0062C3B0 /* Project object */ = {
			isa = PBXProject;
			attributes = {
				BuildIndependentTargetsInParallel = 1;
				LastSwiftUpdateCheck = 2640;
				LastUpgradeCheck = 2640;
				TargetAttributes = {
					EB9BF0E72F8CBC4C0062C3B0 = {
						CreatedOnToolsVersion = 26.4;
					};
				};
			};
			buildConfigurationList = EB9BF0E32F8CBC4C0062C3B0 /* Build configuration list for PBXProject "batsignal" */;
			developmentRegion = en;
			hasScannedForEncodings = 0;
			knownRegions = (
				en,
				Base,
			);
			mainGroup = EB9BF0DF2F8CBC4C0062C3B0;
			minimizedProjectReferenceProxies = 1;
			packageReferences = (
				EB9BF0F62FA1C6A20062C3B0 /* XCRemoteSwiftPackageReference "firebase-ios-sdk" */,
			);
			preferredProjectObjectVersion = 77;
			productRefGroup = EB9BF0E92F8CBC4C0062C3B0 /* Products */;
			projectDirPath = "";
			projectRoot = "";
			targets = (
				EB9BF0E72F8CBC4C0062C3B0 /* batsignal */,
				5CE4A6132CDA55311DEAC7ED /* NotificationServiceExtension */,
			);
		};
/* End PBXProject section */

/* Begin PBXResourcesBuildPhase section */
		973F1F9DD363DE11B0476BC5 /* Resources */ = {
			isa = PBXResourcesBuildPhase;
			buildActionMask = 2147483647;
			files = (
			);
			runOnlyForDeploymentPostprocessing = 0;
		};
		EB9BF0E62F8CBC4C0062C3B0 /* Resources */ = {
			isa = PBXResourcesBuildPhase;
			buildActionMask = 2147483647;
			files = (
			);
			runOnlyForDeploymentPostprocessing = 0;
		};
/* End PBXResourcesBuildPhase section */

/* Begin PBXSourcesBuildPhase section */
		EB9BF0E42F8CBC4C0062C3B0 /* Sources */ = {
			isa = PBXSourcesBuildPhase;
			buildActionMask = 2147483647;
			files = (
			);
			runOnlyForDeploymentPostprocessing = 0;
		};
		F69A3DE0A379865FAF5D689B /* Sources */ = {
			isa = PBXSourcesBuildPhase;
			buildActionMask = 2147483647;
			files = (
				EB7C5D620D70C34EB1F0D4C7 /* NotificationService.swift in Sources */,
			);
			runOnlyForDeploymentPostprocessing = 0;
		};
/* End PBXSourcesBuildPhase section */

/* Begin PBXTargetDependency section */
		E4D8DB8B269F9571EFE28B10 /* PBXTargetDependency */ = {
			isa = PBXTargetDependency;
			name = NotificationServiceExtension;
			target = 5CE4A6132CDA55311DEAC7ED /* NotificationServiceExtension */;
			targetProxy = 9B2FCCCAFEB9B30AC11FB3ED /* PBXContainerItemProxy */;
		};
/* End PBXTargetDependency section */

/* Begin XCBuildConfiguration section */
		371E669202E012E3AA293D99 /* Debug */ = {
			isa = XCBuildConfiguration;
			buildSettings = {
				CLANG_ENABLE_OBJC_WEAK = NO;
				CODE_SIGN_STYLE = Automatic;
				CURRENT_PROJECT_VERSION = 4;
				DEVELOPMENT_TEAM = QGY38FJH7M;
				GENERATE_INFOPLIST_FILE = NO;
				INFOPLIST_FILE = NotificationServiceExtension/Info.plist;
				IPHONEOS_DEPLOYMENT_TARGET = 26.4;
				LD_RUNPATH_SEARCH_PATHS = (
					"$(inherited)",
					"@executable_path/Frameworks",
					"@executable_path/../../Frameworks",
				);
				MARKETING_VERSION = 1.0;
				PRODUCT_BUNDLE_IDENTIFIER = eggurd.batsignal.NotificationServiceExtension;
				PRODUCT_NAME = "$(TARGET_NAME)";
				SDKROOT = iphoneos;
				SKIP_INSTALL = YES;
				SWIFT_VERSION = 5.0;
				TARGETED_DEVICE_FAMILY = "1,2";
			};
			name = Debug;
		};
		D3E06B5B3FB846A79AFB9AC6 /* Release */ = {
			isa = XCBuildConfiguration;
			buildSettings = {
				CLANG_ENABLE_OBJC_WEAK = NO;
				CODE_SIGN_STYLE = Automatic;
				CURRENT_PROJECT_VERSION = 4;
				DEVELOPMENT_TEAM = QGY38FJH7M;
				GENERATE_INFOPLIST_FILE = NO;
				INFOPLIST_FILE = NotificationServiceExtension/Info.plist;
				IPHONEOS_DEPLOYMENT_TARGET = 26.4;
				LD_RUNPATH_SEARCH_PATHS = (
					"$(inherited)",
					"@executable_path/Frameworks",
					"@executable_path/../../Frameworks",
				);
				MARKETING_VERSION = 1.0;
				PRODUCT_BUNDLE_IDENTIFIER = eggurd.batsignal.NotificationServiceExtension;
				PRODUCT_NAME = "$(TARGET_NAME)";
				SDKROOT = iphoneos;
				SKIP_INSTALL = YES;
				SWIFT_VERSION = 5.0;
				TARGETED_DEVICE_FAMILY = "1,2";
				VALIDATE_PRODUCT = YES;
			};
			name = Release;
		};
		EB9BF0F12F8CBC4D0062C3B0 /* Debug */ = {
			isa = XCBuildConfiguration;
			buildSettings = {
				ALWAYS_SEARCH_USER_PATHS = NO;
				ASSETCATALOG_COMPILER_GENERATE_SWIFT_ASSET_SYMBOL_EXTENSIONS = YES;
				CLANG_ANALYZER_NONNULL = YES;
				CLANG_ANALYZER_NUMBER_OBJECT_CONVERSION = YES_AGGRESSIVE;
				CLANG_CXX_LANGUAGE_STANDARD = "gnu++20";
				CLANG_ENABLE_MODULES = YES;
				CLANG_ENABLE_OBJC_ARC = YES;
				CLANG_ENABLE_OBJC_WEAK = YES;
				CLANG_WARN_BLOCK_CAPTURE_AUTORELEASING = YES;
				CLANG_WARN_BOOL_CONVERSION = YES;
				CLANG_WARN_COMMA = YES;
				CLANG_WARN_CONSTANT_CONVERSION = YES;
				CLANG_WARN_DEPRECATED_OBJC_IMPLEMENTATIONS = YES;
				CLANG_WARN_DIRECT_OBJC_ISA_USAGE = YES_ERROR;
				CLANG_WARN_DOCUMENTATION_COMMENTS = YES;
				CLANG_WARN_EMPTY_BODY = YES;
				CLANG_WARN_ENUM_CONVERSION = YES;
				CLANG_WARN_INFINITE_RECURSION = YES;
				CLANG_WARN_INT_CONVERSION = YES;
				CLANG_WARN_NON_LITERAL_NULL_CONVERSION = YES;
				CLANG_WARN_OBJC_IMPLICIT_RETAIN_SELF = YES;
				CLANG_WARN_OBJC_LITERAL_CONVERSION = YES;
				CLANG_WARN_OBJC_ROOT_CLASS = YES_ERROR;
				CLANG_WARN_QUOTED_INCLUDE_IN_FRAMEWORK_HEADER = YES;
				CLANG_WARN_RANGE_LOOP_ANALYSIS = YES;
				CLANG_WARN_STRICT_PROTOTYPES = YES;
				CLANG_WARN_SUSPICIOUS_MOVE = YES;
				CLANG_WARN_UNGUARDED_AVAILABILITY = YES_AGGRESSIVE;
				CLANG_WARN_UNREACHABLE_CODE = YES;
				CLANG_WARN__DUPLICATE_METHOD_MATCH = YES;
				COPY_PHASE_STRIP = NO;
				DEBUG_INFORMATION_FORMAT = dwarf;
				ENABLE_STRICT_OBJC_MSGSEND = YES;
				ENABLE_TESTABILITY = YES;
				ENABLE_USER_SCRIPT_SANDBOXING = YES;
				GCC_C_LANGUAGE_STANDARD = gnu17;
				GCC_DYNAMIC_NO_PIC = NO;
				GCC_NO_COMMON_BLOCKS = YES;
				GCC_OPTIMIZATION_LEVEL = 0;
				GCC_PREPROCESSOR_DEFINITIONS = (
					"DEBUG=1",
					"$(inherited)",
				);
				GCC_WARN_64_TO_32_BIT_CONVERSION = YES;
				GCC_WARN_ABOUT_RETURN_TYPE = YES_ERROR;
				GCC_WARN_UNDECLARED_SELECTOR = YES;
				GCC_WARN_UNINITIALIZED_AUTOS = YES_AGGRESSIVE;
				GCC_WARN_UNUSED_FUNCTION = YES;
				GCC_WARN_UNUSED_VARIABLE = YES;
				IPHONEOS_DEPLOYMENT_TARGET = 26.4;
				LOCALIZATION_PREFERS_STRING_CATALOGS = YES;
				MTL_ENABLE_DEBUG_INFO = INCLUDE_SOURCE;
				MTL_FAST_MATH = YES;
				ONLY_ACTIVE_ARCH = YES;
				SDKROOT = iphoneos;
				SWIFT_ACTIVE_COMPILATION_CONDITIONS = "DEBUG $(inherited)";
				SWIFT_OPTIMIZATION_LEVEL = "-Onone";
			};
			name = Debug;
		};
		EB9BF0F22F8CBC4D0062C3B0 /* Release */ = {
			isa = XCBuildConfiguration;
			buildSettings = {
				ALWAYS_SEARCH_USER_PATHS = NO;
				ASSETCATALOG_COMPILER_GENERATE_SWIFT_ASSET_SYMBOL_EXTENSIONS = YES;
				CLANG_ANALYZER_NONNULL = YES;
				CLANG_ANALYZER_NUMBER_OBJECT_CONVERSION = YES_AGGRESSIVE;
				CLANG_CXX_LANGUAGE_STANDARD = "gnu++20";
				CLANG_ENABLE_MODULES = YES;
				CLANG_ENABLE_OBJC_ARC = YES;
				CLANG_ENABLE_OBJC_WEAK = YES;
				CLANG_WARN_BLOCK_CAPTURE_AUTORELEASING = YES;
				CLANG_WARN_BOOL_CONVERSION = YES;
				CLANG_WARN_COMMA = YES;
				CLANG_WARN_CONSTANT_CONVERSION = YES;
				CLANG_WARN_DEPRECATED_OBJC_IMPLEMENTATIONS = YES;
				CLANG_WARN_DIRECT_OBJC_ISA_USAGE = YES_ERROR;
				CLANG_WARN_DOCUMENTATION_COMMENTS = YES;
				CLANG_WARN_EMPTY_BODY = YES;
				CLANG_WARN_ENUM_CONVERSION = YES;
				CLANG_WARN_INFINITE_RECURSION = YES;
				CLANG_WARN_INT_CONVERSION = YES;
				CLANG_WARN_NON_LITERAL_NULL_CONVERSION = YES;
				CLANG_WARN_OBJC_IMPLICIT_RETAIN_SELF = YES;
				CLANG_WARN_OBJC_LITERAL_CONVERSION = YES;
				CLANG_WARN_OBJC_ROOT_CLASS = YES_ERROR;
				CLANG_WARN_QUOTED_INCLUDE_IN_FRAMEWORK_HEADER = YES;
				CLANG_WARN_RANGE_LOOP_ANALYSIS = YES;
				CLANG_WARN_STRICT_PROTOTYPES = YES;
				CLANG_WARN_SUSPICIOUS_MOVE = YES;
				CLANG_WARN_UNGUARDED_AVAILABILITY = YES_AGGRESSIVE;
				CLANG_WARN_UNREACHABLE_CODE = YES;
				CLANG_WARN__DUPLICATE_METHOD_MATCH = YES;
				COPY_PHASE_STRIP = NO;
				DEBUG_INFORMATION_FORMAT = "dwarf-with-dsym";
				ENABLE_NS_ASSERTIONS = NO;
				ENABLE_STRICT_OBJC_MSGSEND = YES;
				ENABLE_USER_SCRIPT_SANDBOXING = YES;
				GCC_C_LANGUAGE_STANDARD = gnu17;
				GCC_NO_COMMON_BLOCKS = YES;
				GCC_WARN_64_TO_32_BIT_CONVERSION = YES;
				GCC_WARN_ABOUT_RETURN_TYPE = YES_ERROR;
				GCC_WARN_UNDECLARED_SELECTOR = YES;
				GCC_WARN_UNINITIALIZED_AUTOS = YES_AGGRESSIVE;
				GCC_WARN_UNUSED_FUNCTION = YES;
				GCC_WARN_UNUSED_VARIABLE = YES;
				IPHONEOS_DEPLOYMENT_TARGET = 26.4;
				LOCALIZATION_PREFERS_STRING_CATALOGS = YES;
				MTL_ENABLE_DEBUG_INFO = NO;
				MTL_FAST_MATH = YES;
				SDKROOT = iphoneos;
				SWIFT_COMPILATION_MODE = wholemodule;
				VALIDATE_PRODUCT = YES;
			};
			name = Release;
		};
		EB9BF0F42F8CBC4D0062C3B0 /* Debug */ = {
			isa = XCBuildConfiguration;
			buildSettings = {
				ASSETCATALOG_COMPILER_APPICON_NAME = AppIcon;
				ASSETCATALOG_COMPILER_GLOBAL_ACCENT_COLOR_NAME = AccentColor;
				CODE_SIGN_ENTITLEMENTS = batsignal/batsignal.entitlements;
				CODE_SIGN_STYLE = Automatic;
				CURRENT_PROJECT_VERSION = 4;
				DEVELOPMENT_TEAM = QGY38FJH7M;
				ENABLE_PREVIEWS = YES;
				GENERATE_INFOPLIST_FILE = YES;
				INFOPLIST_FILE = batsignal/Info.plist;
				INFOPLIST_KEY_CFBundleDisplayName = "Bool Signal";
				INFOPLIST_KEY_LSApplicationCategoryType = "public.app-category.social-networking";
				INFOPLIST_KEY_NSLocationAlwaysAndWhenInUseUsageDescription = "Batsignal uses your location in the background during live events.";
				INFOPLIST_KEY_NSLocationWhenInUseUsageDescription = "Batsignal uses your location to share it with friends during events.";
				INFOPLIST_KEY_UIApplicationSceneManifest_Generation = YES;
				INFOPLIST_KEY_UIApplicationSupportsIndirectInputEvents = YES;
				INFOPLIST_KEY_UILaunchScreen_Generation = YES;
				INFOPLIST_KEY_UISupportedInterfaceOrientations_iPad = "UIInterfaceOrientationPortrait UIInterfaceOrientationPortraitUpsideDown UIInterfaceOrientationLandscapeLeft UIInterfaceOrientationLandscapeRight";
				INFOPLIST_KEY_UISupportedInterfaceOrientations_iPhone = "UIInterfaceOrientationPortrait UIInterfaceOrientationLandscapeLeft UIInterfaceOrientationLandscapeRight";
				LD_RUNPATH_SEARCH_PATHS = (
					"$(inherited)",
					"@executable_path/Frameworks",
				);
				MARKETING_VERSION = 1.0;
				PRODUCT_BUNDLE_IDENTIFIER = eggurd.batsignal;
				PRODUCT_NAME = "$(TARGET_NAME)";
				STRING_CATALOG_GENERATE_SYMBOLS = YES;
				SWIFT_APPROACHABLE_CONCURRENCY = YES;
				SWIFT_DEFAULT_ACTOR_ISOLATION = MainActor;
				SWIFT_EMIT_LOC_STRINGS = YES;
				SWIFT_UPCOMING_FEATURE_MEMBER_IMPORT_VISIBILITY = YES;
				SWIFT_VERSION = 5.0;
				TARGETED_DEVICE_FAMILY = "1,2";
			};
			name = Debug;
		};
		EB9BF0F52F8CBC4D0062C3B0 /* Release */ = {
			isa = XCBuildConfiguration;
			buildSettings = {
				ASSETCATALOG_COMPILER_APPICON_NAME = AppIcon;
				ASSETCATALOG_COMPILER_GLOBAL_ACCENT_COLOR_NAME = AccentColor;
				CODE_SIGN_ENTITLEMENTS = batsignal/batsignal.entitlements;
				CODE_SIGN_STYLE = Automatic;
				CURRENT_PROJECT_VERSION = 4;
				DEVELOPMENT_TEAM = QGY38FJH7M;
				ENABLE_PREVIEWS = YES;
				GENERATE_INFOPLIST_FILE = YES;
				INFOPLIST_FILE = batsignal/Info.plist;
				INFOPLIST_KEY_CFBundleDisplayName = "Bool Signal";
				INFOPLIST_KEY_LSApplicationCategoryType = "public.app-category.social-networking";
				INFOPLIST_KEY_NSLocationAlwaysAndWhenInUseUsageDescription = "Batsignal uses your location in the background during live events.";
				INFOPLIST_KEY_NSLocationWhenInUseUsageDescription = "Batsignal uses your location to share it with friends during events.";
				INFOPLIST_KEY_UIApplicationSceneManifest_Generation = YES;
				INFOPLIST_KEY_UIApplicationSupportsIndirectInputEvents = YES;
				INFOPLIST_KEY_UILaunchScreen_Generation = YES;
				INFOPLIST_KEY_UISupportedInterfaceOrientations_iPad = "UIInterfaceOrientationPortrait UIInterfaceOrientationPortraitUpsideDown UIInterfaceOrientationLandscapeLeft UIInterfaceOrientationLandscapeRight";
				INFOPLIST_KEY_UISupportedInterfaceOrientations_iPhone = "UIInterfaceOrientationPortrait UIInterfaceOrientationLandscapeLeft UIInterfaceOrientationLandscapeRight";
				LD_RUNPATH_SEARCH_PATHS = (
					"$(inherited)",
					"@executable_path/Frameworks",
				);
				MARKETING_VERSION = 1.0;
				PRODUCT_BUNDLE_IDENTIFIER = eggurd.batsignal;
				PRODUCT_NAME = "$(TARGET_NAME)";
				STRING_CATALOG_GENERATE_SYMBOLS = YES;
				SWIFT_APPROACHABLE_CONCURRENCY = YES;
				SWIFT_DEFAULT_ACTOR_ISOLATION = MainActor;
				SWIFT_EMIT_LOC_STRINGS = YES;
				SWIFT_UPCOMING_FEATURE_MEMBER_IMPORT_VISIBILITY = YES;
				SWIFT_VERSION = 5.0;
				TARGETED_DEVICE_FAMILY = "1,2";
			};
			name = Release;
		};
/* End XCBuildConfiguration section */

/* Begin XCConfigurationList section */
		A67FF0087966ADB6C7109E92 /* Build configuration list for PBXNativeTarget "NotificationServiceExtension" */ = {
			isa = XCConfigurationList;
			buildConfigurations = (
				D3E06B5B3FB846A79AFB9AC6 /* Release */,
				371E669202E012E3AA293D99 /* Debug */,
			);
			defaultConfigurationIsVisible = 0;
			defaultConfigurationName = Release;
		};
		EB9BF0E32F8CBC4C0062C3B0 /* Build configuration list for PBXProject "batsignal" */ = {
			isa = XCConfigurationList;
			buildConfigurations = (
				EB9BF0F12F8CBC4D0062C3B0 /* Debug */,
				EB9BF0F22F8CBC4D0062C3B0 /* Release */,
			);
			defaultConfigurationIsVisible = 0;
			defaultConfigurationName = Release;
		};
		EB9BF0F32F8CBC4D0062C3B0 /* Build configuration list for PBXNativeTarget "batsignal" */ = {
			isa = XCConfigurationList;
			buildConfigurations = (
				EB9BF0F42F8CBC4D0062C3B0 /* Debug */,
				EB9BF0F52F8CBC4D0062C3B0 /* Release */,
			);
			defaultConfigurationIsVisible = 0;
			defaultConfigurationName = Release;
		};
/* End XCConfigurationList section */

/* Begin XCRemoteSwiftPackageReference section */
		EB9BF0F62FA1C6A20062C3B0 /* XCRemoteSwiftPackageReference "firebase-ios-sdk" */ = {
			isa = XCRemoteSwiftPackageReference;
			repositoryURL = "https://github.com/firebase/firebase-ios-sdk";
			requirement = {
				kind = upToNextMajorVersion;
				minimumVersion = 12.12.1;
			};
		};
/* End XCRemoteSwiftPackageReference section */

/* Begin XCSwiftPackageProductDependency section */
		EB65482F2FF638C500A7ECBA /* FirebaseMessaging */ = {
			isa = XCSwiftPackageProductDependency;
			package = EB9BF0F62FA1C6A20062C3B0 /* XCRemoteSwiftPackageReference "firebase-ios-sdk" */;
			productName = FirebaseMessaging;
		};
		EB9BF0F72FA1C6A20062C3B0 /* FirebaseAuth */ = {
			isa = XCSwiftPackageProductDependency;
			package = EB9BF0F62FA1C6A20062C3B0 /* XCRemoteSwiftPackageReference "firebase-ios-sdk" */;
			productName = FirebaseAuth;
		};
		EB9BF0F92FA1C6A20062C3B0 /* FirebaseFirestore */ = {
			isa = XCSwiftPackageProductDependency;
			package = EB9BF0F62FA1C6A20062C3B0 /* XCRemoteSwiftPackageReference "firebase-ios-sdk" */;
			productName = FirebaseFirestore;
		};
		EB9BF0FB2FA1C6A20062C3B0 /* FirebaseStorage */ = {
			isa = XCSwiftPackageProductDependency;
			package = EB9BF0F62FA1C6A20062C3B0 /* XCRemoteSwiftPackageReference "firebase-ios-sdk" */;
			productName = FirebaseStorage;
		};
/* End XCSwiftPackageProductDependency section */
	};
	rootObject = EB9BF0E02F8CBC4C0062C3B0 /* Project object */;
}
